{
  "version": "5",
  "redirects": {
    "https://esm.sh/@supabase/supabase-js@2": "https://esm.sh/@supabase/supabase-js@2.84.0"
  },
  "remote": {
    "https://esm.sh/@supabase/auth-js@2.84.0/denonext/auth-js.mjs": "61e3b0ad4ad68e2aa3ce0bb83c1084caecc6899cdc9b9e4b230212f8e0c44615",
    "https://esm.sh/@supabase/functions-js@2.84.0/denonext/functions-js.mjs": "016355f24757e593e29ae3347332b30049a8f2f6b55bd7e7a2caf7a577696f85",
    "https://esm.sh/@supabase/postgrest-js@2.84.0/denonext/postgrest-js.mjs": "78de00f3fca3c53f81c5765d0b960e01718a0e1164728e60b835299542fbb0d2",
    "https://esm.sh/@supabase/realtime-js@2.84.0/denonext/realtime-js.mjs": "dccd1e457b9151c162ad84985eaa76075a59250cdd36c244872d14b80a55ed25",
    "https://esm.sh/@supabase/storage-js@2.84.0/denonext/storage-js.mjs": "ef21eb110d5b1c9586f6acaa2070706bd7b9f3799a8f14f262a36f85ee7bb13e",
    "https://esm.sh/@supabase/supabase-js@2.84.0": "4a536f134c4bae61c5ec9d2f849c0bafc40c7ee7e85ca61f075c016fab17a693",
    "https://esm.sh/@supabase/supabase-js@2.84.0/denonext/supabase-js.mjs": "78718e70577f3505e37b515ca7983ac61689864180b9e2cfb130486252919876",
    "https://esm.sh/tslib@2.8.1/denonext/tslib.mjs": "ebce3cd5facb654623020337f867b426ba95f71596ba87acc9e6c6f4e55905ca"
  },
  "workspace": {
    "packageJson": {
      "dependencies": [
        "npm:@aws-sdk/client-s3@^3.693.0",
        "npm:@aws-sdk/s3-request-presigner@^3.693.0",
        "npm:@builder.io/vite-plugin-jsx-loc@~0.1.1",
        "npm:@radix-ui/react-accordion@^1.2.12",
        "npm:@radix-ui/react-alert-dialog@^1.1.15",
        "npm:@radix-ui/react-aspect-ratio@^1.1.7",
        "npm:@radix-ui/react-avatar@^1.1.10",
        "npm:@radix-ui/react-checkbox@^1.3.3",
        "npm:@radix-ui/react-collapsible@^1.1.12",
        "npm:@radix-ui/react-context-menu@^2.2.16",
        "npm:@radix-ui/react-dialog@^1.1.15",
        "npm:@radix-ui/react-dropdown-menu@^2.1.16",
        "npm:@radix-ui/react-hover-card@^1.1.15",
        "npm:@radix-ui/react-icons@^1.3.2",
        "npm:@radix-ui/react-label@^2.1.7",
        "npm:@radix-ui/react-menubar@^1.1.16",
        "npm:@radix-ui/react-navigation-menu@^1.2.14",
        "npm:@radix-ui/react-popover@^1.1.15",
        "npm:@radix-ui/react-progress@^1.1.7",
        "npm:@radix-ui/react-radio-group@^1.3.8",
        "npm:@radix-ui/react-scroll-area@^1.2.10",
        "npm:@radix-ui/react-select@^2.2.6",
        "npm:@radix-ui/react-separator@^1.1.7",
        "npm:@radix-ui/react-slider@^1.3.6",
        "npm:@radix-ui/react-slot@^1.2.3",
        "npm:@radix-ui/react-switch@^1.2.6",
        "npm:@radix-ui/react-tabs@^1.1.13",
        "npm:@radix-ui/react-toggle-group@^1.1.11",
        "npm:@radix-ui/react-toggle@^1.1.10",
        "npm:@radix-ui/react-tooltip@^1.2.8",
        "npm:@supabase/supabase-js@^2.83.0",
        "npm:@tailwindcss/typography@~0.5.15",
        "npm:@tailwindcss/vite@^4.1.3",
        "npm:@tanstack/react-query@^5.90.2",
        "npm:@trpc/client@^11.6.0",
        "npm:@trpc/react-query@^11.6.0",
        "npm:@trpc/server@^11.6.0",
        "npm:@types/express@4.17.21",
        "npm:@types/google.maps@^3.58.1",
        "npm:@types/node@^24.7.0",
        "npm:@types/react-dom@^19.1.9",
        "npm:@types/react@^19.1.16",
        "npm:@vitejs/plugin-react@^5.0.4",
        "npm:add@^2.0.6",
        "npm:autoprefixer@^10.4.20",
        "npm:axios@^1.12.0",
        "npm:class-variance-authority@~0.7.1",
        "npm:clsx@^2.1.1",
        "npm:cmdk@^1.1.1",
        "npm:cookie@^1.0.2",
        "npm:date-fns@^4.1.0",
        "npm:dotenv@^17.2.2",
        "npm:drizzle-kit@~0.31.4",
        "npm:drizzle-orm@~0.44.5",
        "npm:embla-carousel-react@^8.6.0",
        "npm:esbuild@0.25",
        "npm:express@^4.21.2",
        "npm:framer-motion@^12.23.22",
        "npm:i18next-browser-languagedetector@^8.2.0",
        "npm:i18next@^25.6.2",
        "npm:input-otp@^1.4.2",
        "npm:jose@6.1.0",
        "npm:lucide-react@0.453",
        "npm:mysql2@^3.15.0",
        "npm:nanoid@^5.1.5",
        "npm:next-themes@~0.4.6",
        "npm:openai@^4.67.0",
        "npm:pnpm@^10.15.1",
        "npm:postcss@^8.4.47",
        "npm:postgres@^3.4.7",
        "npm:prettier@^3.6.2",
        "npm:react-day-picker@^9.11.1",
        "npm:react-dom@^19.1.1",
        "npm:react-hook-form@^7.64.0",
        "npm:react-i18next@^16.3.3",
        "npm:react-resizable-panels@^3.0.6",
        "npm:react@^19.1.1",
        "npm:recharts@^2.15.2",
        "npm:sonner@^2.0.7",
        "npm:streamdown@^1.4.0",
        "npm:superjson@^1.13.3",
        "npm:tailwind-merge@^3.3.1",
        "npm:tailwindcss-animate@^1.0.7",
        "npm:tailwindcss@^4.1.14",
        "npm:tsx@^4.19.1",
        "npm:tw-animate-css@^1.4.0",
        "npm:typescript@5.9.3",
        "npm:vaul@^1.1.2",
        "npm:vite-plugin-manus-runtime@^0.0.56",
        "npm:vite@^7.1.7",
        "npm:vitest@^2.1.4",
        "npm:wouter@^3.3.5",
        "npm:zod@^4.1.12"
      ]
    }
  }
}
